<?xml version="1.0" encoding="utf-8"?>
<Project ToolsVersion="4.0" xmlns="http://schemas.microsoft.com/developer/msbuild/2003">
  <ItemGroup>
    <Filter Include="Source Files">
      <UniqueIdentifier>{4FC737F1-C7A5-4376-A066-2A32D752A2FF}</UniqueIdentifier>
      <Extensions>cpp;c;cc;cxx;c++;cppm;ixx;def;odl;idl;hpj;bat;asm;asmx</Extensions>
    </Filter>
    <Filter Include="Header Files">
      <UniqueIdentifier>{93995380-89BD-4b04-88EB-625FBE52EBFB}</UniqueIdentifier>
      <Extensions>h;hh;hpp;hxx;h++;hm;inl;inc;ipp;xsd</Extensions>
    </Filter>
    <Filter Include="Resource Files">
      <UniqueIdentifier>{67DA6AB6-F800-4c08-8B7A-83BB121AAD01}</UniqueIdentifier>
      <Extensions>rc;ico;cur;bmp;dlg;rc2;rct;bin;rgs;gif;jpg;jpeg;jpe;resx;tiff;tif;png;wav;mfcribbon-ms</Extensions>
    </Filter>
  </ItemGroup>
  <ItemGroup>
    <ClCompile Include="source\bootstrap_module.cpp">
      <Filter>Source Files</Filter>
    </ClCompile>
    <ClCompile Include="source\VRChat\VRCPlayerApi.cpp">
      <Filter>Source Files</Filter>
    </ClCompile>
    <ClCompile Include="source\VRChat\Player.cpp">
      <Filter>Source Files</Filter>
    </ClCompile>
    <ClCompile Include="source\VRChat\VRCPlayer.cpp">
      <Filter>Source Files</Filter>
    </ClCompile>
    <ClCompile Include="source\VRChat\ApiModel.cpp">
      <Filter>Source Files</Filter>
    </ClCompile>
    <ClCompile Include="source\VRChat\ApiBadge.cpp">
      <Filter>Source Files</Filter>
    </ClCompile>
    <ClCompile Include="source\VRChat\APIUser.cpp">
      <Filter>Source Files</Filter>
    </ClCompile>
    <ClCompile Include="source\VRChat\EventData.cpp">
      <Filter>Source Files</Filter>
    </ClCompile>
    <ClCompile Include="source\VRChat\Networking.cpp">
      <Filter>Source Files</Filter>
    </ClCompile>
    <ClCompile Include="source\VRChat\PlayerNameplate.cpp">
      <Filter>Source Files</Filter>
    </ClCompile>
    <ClCompile Include="source\VRChat\VRC_Interactable.cpp">
      <Filter>Source Files</Filter>
    </ClCompile>
    <ClCompile Include="source\VRChat\UdonBehaviour.cpp">
      <Filter>Source Files</Filter>
    </ClCompile>
    <ClCompile Include="source\VRChat\VRChatEvents.cpp">
      <Filter>Source Files</Filter>
    </ClCompile>
    <ClCompile Include="source\VRChat\LocalizableString.cpp">
      <Filter>Source Files</Filter>
    </ClCompile>
  </ItemGroup>
  <ItemGroup>
    <ClInclude Include="include\bootstrap_module.hpp">
      <Filter>Header Files</Filter>
    </ClInclude>
    <ClInclude Include="include\bootstrap_internal.hpp">
      <Filter>Header Files</Filter>
    </ClInclude>
    <ClInclude Include="include\VRChat\VRChat.hpp">
      <Filter>Header Files</Filter>
    </ClInclude>
    <ClInclude Include="include\VRChat\Enums.hpp">
      <Filter>Header Files</Filter>
    </ClInclude>
    <ClInclude Include="include\VRChat\Callbacks.hpp">
      <Filter>Header Files</Filter>
    </ClInclude>
    <ClInclude Include="include\VRChat\VRCPlayerApi.hpp">
      <Filter>Header Files</Filter>
    </ClInclude>
    <ClInclude Include="include\VRChat\Player.hpp">
      <Filter>Header Files</Filter>
    </ClInclude>
    <ClInclude Include="include\VRChat\VRCPlayer.hpp">
      <Filter>Header Files</Filter>
    </ClInclude>
    <ClInclude Include="include\VRChat\ApiModel.hpp">
      <Filter>Header Files</Filter>
    </ClInclude>
    <ClInclude Include="include\VRChat\ApiBadge.hpp">
      <Filter>Header Files</Filter>
    </ClInclude>
    <ClInclude Include="include\VRChat\APIUser.hpp">
      <Filter>Header Files</Filter>
    </ClInclude>
    <ClInclude Include="include\VRChat\EventData.hpp">
      <Filter>Header Files</Filter>
    </ClInclude>
    <ClInclude Include="include\VRChat\Networking.hpp">
      <Filter>Header Files</Filter>
    </ClInclude>
    <ClInclude Include="include\VRChat\PlayerNameplate.hpp">
      <Filter>Header Files</Filter>
    </ClInclude>
    <ClInclude Include="include\VRChat\VRC_Interactable.hpp">
      <Filter>Header Files</Filter>
    </ClInclude>
    <ClInclude Include="include\VRChat\UdonBehaviour.hpp">
      <Filter>Header Files</Filter>
    </ClInclude>
    <ClInclude Include="include\VRChat\VRChatEvents.hpp">
      <Filter>Header Files</Filter>
    </ClInclude>
    <ClInclude Include="include\VRChat\LocalizableString.hpp">
      <Filter>Header Files</Filter>
    </ClInclude>
  </ItemGroup>
</Project>